
Microsoft Visual Studio Solution File, Format Version 12.00
# Visual Studio Version 17
VisualStudioVersion = 17.3.32922.545
MinimumVisualStudioVersion = 10.0.40219.1
Project("{9A19103F-16F7-4668-BE54-9A1E7A4F7556}") = "BizsolAssessment", "BizsolAssessment.csproj", "{1019FE10-6ED4-4509-879B-17722A60CFC5}"
EndProject
Project("{9A19103F-16F7-4668-BE54-9A1E7A4F7556}") = "INFRASTRUCTURE", "..\INFRASTRUCTURE\INFRASTRUCTURE.csproj", "{2F30B34E-D376-428F-8C33-D40CBA6ECA57}"
EndProject
Project("{9A19103F-16F7-4668-BE54-9A1E7A4F7556}") = "BUSINESS", "..\BUSINESS\BUSINESS.csproj", "{75FC2992-5ABF-40CD-B0C2-362AD521AE5B}"
EndProject
Project("{FAE04EC0-301F-11D3-BF4B-00C04F79EFBC}") = "MODELS", "..\MODELS\MODELS.csproj", "{AABF6993-6A6D-4BEB-9FBC-7BCE4E34E81D}"
EndProject
Global
	GlobalSection(SolutionConfigurationPlatforms) = preSolution
		Debug|Any CPU = Debug|Any CPU
		Release|Any CPU = Release|Any CPU
	EndGlobalSection
	GlobalSection(ProjectConfigurationPlatforms) = postSolution
		{1019FE10-6ED4-4509-879B-17722A60CFC5}.Debug|Any CPU.ActiveCfg = Debug|Any CPU
		{1019FE10-6ED4-4509-879B-17722A60CFC5}.Debug|Any CPU.Build.0 = Debug|Any CPU
		{1019FE10-6ED4-4509-879B-17722A60CFC5}.Release|Any CPU.ActiveCfg = Release|Any CPU
		{1019FE10-6ED4-4509-879B-17722A60CFC5}.Release|Any CPU.Build.0 = Release|Any CPU
		{2F30B34E-D376-428F-8C33-D40CBA6ECA57}.Debug|Any CPU.ActiveCfg = Debug|Any CPU
		{2F30B34E-D376-428F-8C33-D40CBA6ECA57}.Debug|Any CPU.Build.0 = Debug|Any CPU
		{2F30B34E-D376-428F-8C33-D40CBA6ECA57}.Release|Any CPU.ActiveCfg = Release|Any CPU
		{2F30B34E-D376-428F-8C33-D40CBA6ECA57}.Release|Any CPU.Build.0 = Release|Any CPU
		{75FC2992-5ABF-40CD-B0C2-362AD521AE5B}.Debug|Any CPU.ActiveCfg = Debug|Any CPU
		{75FC2992-5ABF-40CD-B0C2-362AD521AE5B}.Debug|Any CPU.Build.0 = Debug|Any CPU
		{75FC2992-5ABF-40CD-B0C2-362AD521AE5B}.Release|Any CPU.ActiveCfg = Release|Any CPU
		{75FC2992-5ABF-40CD-B0C2-362AD521AE5B}.Release|Any CPU.Build.0 = Release|Any CPU
		{AABF6993-6A6D-4BEB-9FBC-7BCE4E34E81D}.Debug|Any CPU.ActiveCfg = Debug|Any CPU
		{AABF6993-6A6D-4BEB-9FBC-7BCE4E34E81D}.Debug|Any CPU.Build.0 = Debug|Any CPU
		{AABF6993-6A6D-4BEB-9FBC-7BCE4E34E81D}.Release|Any CPU.ActiveCfg = Release|Any CPU
		{AABF6993-6A6D-4BEB-9FBC-7BCE4E34E81D}.Release|Any CPU.Build.0 = Release|Any CPU
	EndGlobalSection
	GlobalSection(SolutionProperties) = preSolution
		HideSolutionNode = FALSE
	EndGlobalSection
	GlobalSection(ExtensibilityGlobals) = postSolution
		SolutionGuid = {8003FBA1-9F80-42D7-AC7D-2D213C27646E}
	EndGlobalSection
EndGlobal
